
Microsoft Visual Studio Solution File, Format Version 12.00
# Visual Studio 15
VisualStudioVersion = 15.0.28307.1022
MinimumVisualStudioVersion = 10.0.40219.1
Project("{FAE04EC0-301F-11D3-BF4B-00C04F79EFBC}") = "Stegoboi", "Stegoboi\Stegoboi.csproj", "{D2A18588-D681-4679-B5C3-CA4460F85584}"
EndProject
Global
	GlobalSection(SolutionConfigurationPlatforms) = preSolution
		Debug|Any CPU = Debug|Any CPU
		Release|Any CPU = Release|Any CPU
	EndGlobalSection
	GlobalSection(ProjectConfigurationPlatforms) = postSolution
		{D2A18588-D681-4679-B5C3-CA4460F85584}.Debug|Any CPU.ActiveCfg = Debug|Any CPU
		{D2A18588-D681-4679-B5C3-CA4460F85584}.Debug|Any CPU.Build.0 = Debug|Any CPU
		{D2A18588-D681-4679-B5C3-CA4460F85584}.Release|Any CPU.ActiveCfg = Release|Any CPU
		{D2A18588-D681-4679-B5C3-CA4460F85584}.Release|Any CPU.Build.0 = Release|Any CPU
	EndGlobalSection
	GlobalSection(SolutionProperties) = preSolution
		HideSolutionNode = FALSE
	EndGlobalSection
	GlobalSection(ExtensibilityGlobals) = postSolution
		SolutionGuid = {C30411D8-DA58-4A38-8838-9E1BE10D3305}
	EndGlobalSection
EndGlobal
